// !$*UTF8*$!
{
	archiveVersion = 1;
	classes = {
	};
	objectVersion = 77;
	objects = {

/* Begin PBXBuildFile section */
		139C8D4E077C4DE370035031 /* MetricsView.swift in Sources */ = {isa = PBXBuildFile; fileRef = 3DDBFF9C18A593B9649C9CC9 /* MetricsView.swift */; };
		19DB18CF371C53346483AB7C /* ProfileService.swift in Sources */ = {isa = PBXBuildFile; fileRef = 81B759C0E5F91A51AABB3B63 /* ProfileService.swift */; };
		1C1EB2C7C38874F156F2EEAC /* ChipCountModels.swift in Sources */ = {isa = PBXBuildFile; fileRef = FDF554A6217639A66BBFBB56 /* ChipCountModels.swift */; };
		1D091343565CBA9B13B42CB6 /* TablesView.swift in Sources */ = {isa = PBXBuildFile; fileRef = C5B88EEE3B0DE99EA51F1CC6 /* TablesView.swift */; };
		43C67A6CC6D70E2FE6DE1795 /* AuthSessionStore.swift in Sources */ = {isa = PBXBuildFile; fileRef = 446F36B1B78772FB5C741451 /* AuthSessionStore.swift */; };
		4507F41F4143E9FFE63DD7B6 /* ChipCountApp.swift in Sources */ = {isa = PBXBuildFile; fileRef = 870E6E1385A1BC420D0387F0 /* ChipCountApp.swift */; };
		4CDE430349A3BCE94BB40392 /* GameService.swift in Sources */ = {isa = PBXBuildFile; fileRef = 5725C718AFE76F0B4744D475 /* GameService.swift */; };
		76E0F4ECA713551B65323060 /* PayoutCalculatorTests.swift in Sources */ = {isa = PBXBuildFile; fileRef = AD9C8CF75FB39FAEFB7186C2 /* PayoutCalculatorTests.swift */; };
		7E10AA34F4B8D03194878A62 /* GameRoomView.swift in Sources */ = {isa = PBXBuildFile; fileRef = 5FFA9093EED1C31281F104F0 /* GameRoomView.swift */; };
		860A3384D47C164AF30C9F8C /* ChipCountCore in Frameworks */ = {isa = PBXBuildFile; productRef = CB7D24AAD0B01415FC6B668B /* ChipCountCore */; };
		96B1A76BD1A20028525917BA /* SupabaseClientProvider.swift in Sources */ = {isa = PBXBuildFile; fileRef = D2BB14B9895FCCCAA87DB177 /* SupabaseClientProvider.swift */; };
		A84FF07FD3CD528D7FFE44E0 /* RootView.swift in Sources */ = {isa = PBXBuildFile; fileRef = 07B6A50E6D352B92B997D36B /* RootView.swift */; };
		ABF585E2F7F0A4F4A429AC89 /* AppConfig.swift in Sources */ = {isa = PBXBuildFile; fileRef = 1C889AB151F80F289F3D92C6 /* AppConfig.swift */; };
		AF942024D5D54720BA1A51EB /* ProfileSetupView.swift in Sources */ = {isa = PBXBuildFile; fileRef = 033746DF0A409D20669054A6 /* ProfileSetupView.swift */; };
		B836F99144497D7CFCA7C257 /* DebtsView.swift in Sources */ = {isa = PBXBuildFile; fileRef = 598F30C056FF3F59A6D17B69 /* DebtsView.swift */; };
		BB52EA71CBD15DAD01F75C8A /* Supabase in Frameworks */ = {isa = PBXBuildFile; productRef = C59D5063E83206FB6F2C2B0E /* Supabase */; };
		BD12425E594F9CACCD861D3C /* Assets.xcassets in Resources */ = {isa = PBXBuildFile; fileRef = 9797A023B0BF7B943E233321 /* Assets.xcassets */; };
		DBB31258729E0B34778B31E0 /* AuthView.swift in Sources */ = {isa = PBXBuildFile; fileRef = 10B119F8FC50CFBFB67D9EE5 /* AuthView.swift */; };
		E3149C0244E79AC33A2D2E3E /* ChipCountCore in Frameworks */ = {isa = PBXBuildFile; productRef = 6D36CDED0C8DB27089E8AD32 /* ChipCountCore */; };
		F27A614BD9CFA9FDB4AB6405 /* ProfileView.swift in Sources */ = {isa = PBXBuildFile; fileRef = 2850ACB5B4EB71FA5CF24949 /* ProfileView.swift */; };
/* End PBXBuildFile section */

/* Begin PBXContainerItemProxy section */
		90D01DD57AA3A87F4C2CFB60 /* PBXContainerItemProxy */ = {
			isa = PBXContainerItemProxy;
			containerPortal = D6C4BAFA8AAD9003BB5FEB46 /* Project object */;
			proxyType = 1;
			remoteGlobalIDString = 36A13CDF5B72865E5B776AFC;
			remoteInfo = ChipCount;
		};
/* End PBXContainerItemProxy section */

/* Begin PBXFileReference section */
		033746DF0A409D20669054A6 /* ProfileSetupView.swift */ = {isa = PBXFileReference; lastKnownFileType = sourcecode.swift; path = ProfileSetupView.swift; sourceTree = "<group>"; };
		07B6A50E6D352B92B997D36B /* RootView.swift */ = {isa = PBXFileReference; lastKnownFileType = sourcecode.swift; path = RootView.swift; sourceTree = "<group>"; };
		10B119F8FC50CFBFB67D9EE5 /* AuthView.swift */ = {isa = PBXFileReference; lastKnownFileType = sourcecode.swift; path = AuthView.swift; sourceTree = "<group>"; };
		1C889AB151F80F289F3D92C6 /* AppConfig.swift */ = {isa = PBXFileReference; lastKnownFileType = sourcecode.swift; path = AppConfig.swift; sourceTree = "<group>"; };
		2850ACB5B4EB71FA5CF24949 /* ProfileView.swift */ = {isa = PBXFileReference; lastKnownFileType = sourcecode.swift; path = ProfileView.swift; sourceTree = "<group>"; };
		3DDBFF9C18A593B9649C9CC9 /* MetricsView.swift */ = {isa = PBXFileReference; lastKnownFileType = sourcecode.swift; path = MetricsView.swift; sourceTree = "<group>"; };
		446F36B1B78772FB5C741451 /* AuthSessionStore.swift */ = {isa = PBXFileReference; lastKnownFileType = sourcecode.swift; path = AuthSessionStore.swift; sourceTree = "<group>"; };
		5725C718AFE76F0B4744D475 /* GameService.swift */ = {isa = PBXFileReference; lastKnownFileType = sourcecode.swift; path = GameService.swift; sourceTree = "<group>"; };
		598F30C056FF3F59A6D17B69 /* DebtsView.swift */ = {isa = PBXFileReference; lastKnownFileType = sourcecode.swift; path = DebtsView.swift; sourceTree = "<group>"; };
		5AC85938F481C783CF59629E /* Info.plist */ = {isa = PBXFileReference; lastKnownFileType = text.plist; path = Info.plist; sourceTree = "<group>"; };
		5FFA9093EED1C31281F104F0 /* GameRoomView.swift */ = {isa = PBXFileReference; lastKnownFileType = sourcecode.swift; path = GameRoomView.swift; sourceTree = "<group>"; };
		684BB494C6F2593A7C1DBA0E /* ChipCountCoreTests.xctest */ = {isa = PBXFileReference; includeInIndex = 0; lastKnownFileType = wrapper.cfbundle; path = ChipCountCoreTests.xctest; sourceTree = BUILT_PRODUCTS_DIR; };
		81B759C0E5F91A51AABB3B63 /* ProfileService.swift */ = {isa = PBXFileReference; lastKnownFileType = sourcecode.swift; path = ProfileService.swift; sourceTree = "<group>"; };
		870E6E1385A1BC420D0387F0 /* ChipCountApp.swift */ = {isa = PBXFileReference; lastKnownFileType = sourcecode.swift; path = ChipCountApp.swift; sourceTree = "<group>"; };
		918FAE2624A08FBB1CDFA87A /* ChipCount.app */ = {isa = PBXFileReference; includeInIndex = 0; lastKnownFileType = wrapper.application; path = ChipCount.app; sourceTree = BUILT_PRODUCTS_DIR; };
		9797A023B0BF7B943E233321 /* Assets.xcassets */ = {isa = PBXFileReference; lastKnownFileType = folder.assetcatalog; path = Assets.xcassets; sourceTree = "<group>"; };
		AD9C8CF75FB39FAEFB7186C2 /* PayoutCalculatorTests.swift */ = {isa = PBXFileReference; lastKnownFileType = sourcecode.swift; path = PayoutCalculatorTests.swift; sourceTree = "<group>"; };
		C5B88EEE3B0DE99EA51F1CC6 /* TablesView.swift */ = {isa = PBXFileReference; lastKnownFileType = sourcecode.swift; path = TablesView.swift; sourceTree = "<group>"; };
		D2BB14B9895FCCCAA87DB177 /* SupabaseClientProvider.swift */ = {isa = PBXFileReference; lastKnownFileType = sourcecode.swift; path = SupabaseClientProvider.swift; sourceTree = "<group>"; };
		F94FDFA9C745FFBB1E414406 /* chipCount */ = {isa = PBXFileReference; lastKnownFileType = folder; name = chipCount; path = .; sourceTree = SOURCE_ROOT; };
		FDF554A6217639A66BBFBB56 /* ChipCountModels.swift */ = {isa = PBXFileReference; lastKnownFileType = sourcecode.swift; path = ChipCountModels.swift; sourceTree = "<group>"; };
/* End PBXFileReference section */

/* Begin PBXFrameworksBuildPhase section */
		9AF3C4ECB07D2E0442538E69 /* Frameworks */ = {
			isa = PBXFrameworksBuildPhase;
			buildActionMask = 2147483647;
			files = (
				E3149C0244E79AC33A2D2E3E /* ChipCountCore in Frameworks */,
			);
			runOnlyForDeploymentPostprocessing = 0;
		};
		D24A2A1DE4A61F76A22A7FE0 /* Frameworks */ = {
			isa = PBXFrameworksBuildPhase;
			buildActionMask = 2147483647;
			files = (
				BB52EA71CBD15DAD01F75C8A /* Supabase in Frameworks */,
				860A3384D47C164AF30C9F8C /* ChipCountCore in Frameworks */,
			);
			runOnlyForDeploymentPostprocessing = 0;
		};
/* End PBXFrameworksBuildPhase section */

/* Begin PBXGroup section */
		2A2D4291F0B80BBFBFF2BDAA /* Packages */ = {
			isa = PBXGroup;
			children = (
				F94FDFA9C745FFBB1E414406 /* chipCount */,
			);
			name = Packages;
			sourceTree = "<group>";
		};
		4D5CA5C76EA9AA01EF33D79D /* Services */ = {
			isa = PBXGroup;
			children = (
				446F36B1B78772FB5C741451 /* AuthSessionStore.swift */,
				5725C718AFE76F0B4744D475 /* GameService.swift */,
				81B759C0E5F91A51AABB3B63 /* ProfileService.swift */,
			);
			path = Services;
			sourceTree = "<group>";
		};
		65973FBC60A2119D25F2FEF4 /* Models */ = {
			isa = PBXGroup;
			children = (
				FDF554A6217639A66BBFBB56 /* ChipCountModels.swift */,
			);
			path = Models;
			sourceTree = "<group>";
		};
		A05A225AD8B003EA0BB6E78A /* Products */ = {
			isa = PBXGroup;
			children = (
				918FAE2624A08FBB1CDFA87A /* ChipCount.app */,
				684BB494C6F2593A7C1DBA0E /* ChipCountCoreTests.xctest */,
			);
			name = Products;
			sourceTree = "<group>";
		};
		A68979640AE388F69CDA3CB3 = {
			isa = PBXGroup;
			children = (
				EE47B11A13FDB52E3C42B52F /* ChipCount */,
				AE86AB0B805806A4934FE0A8 /* ChipCountCoreTests */,
				2A2D4291F0B80BBFBFF2BDAA /* Packages */,
				A05A225AD8B003EA0BB6E78A /* Products */,
			);
			sourceTree = "<group>";
		};
		AE86AB0B805806A4934FE0A8 /* ChipCountCoreTests */ = {
			isa = PBXGroup;
			children = (
				AD9C8CF75FB39FAEFB7186C2 /* PayoutCalculatorTests.swift */,
			);
			name = ChipCountCoreTests;
			path = Tests/ChipCountCoreTests;
			sourceTree = "<group>";
		};
		B4D28E1C65958F27DECEECAE /* App */ = {
			isa = PBXGroup;
			children = (
				1C889AB151F80F289F3D92C6 /* AppConfig.swift */,
				07B6A50E6D352B92B997D36B /* RootView.swift */,
				D2BB14B9895FCCCAA87DB177 /* SupabaseClientProvider.swift */,
			);
			path = App;
			sourceTree = "<group>";
		};
		D4AA2DDEB79282E566856A2E /* Views */ = {
			isa = PBXGroup;
			children = (
				10B119F8FC50CFBFB67D9EE5 /* AuthView.swift */,
				598F30C056FF3F59A6D17B69 /* DebtsView.swift */,
				5FFA9093EED1C31281F104F0 /* GameRoomView.swift */,
				3DDBFF9C18A593B9649C9CC9 /* MetricsView.swift */,
				033746DF0A409D20669054A6 /* ProfileSetupView.swift */,
				2850ACB5B4EB71FA5CF24949 /* ProfileView.swift */,
				C5B88EEE3B0DE99EA51F1CC6 /* TablesView.swift */,
			);
			path = Views;
			sourceTree = "<group>";
		};
		EE47B11A13FDB52E3C42B52F /* ChipCount */ = {
			isa = PBXGroup;
			children = (
				9797A023B0BF7B943E233321 /* Assets.xcassets */,
				870E6E1385A1BC420D0387F0 /* ChipCountApp.swift */,
				5AC85938F481C783CF59629E /* Info.plist */,
				B4D28E1C65958F27DECEECAE /* App */,
				65973FBC60A2119D25F2FEF4 /* Models */,
				4D5CA5C76EA9AA01EF33D79D /* Services */,
				D4AA2DDEB79282E566856A2E /* Views */,
			);
			path = ChipCount;
			sourceTree = "<group>";
		};
/* End PBXGroup section */

/* Begin PBXNativeTarget section */
		36A13CDF5B72865E5B776AFC /* ChipCount */ = {
			isa = PBXNativeTarget;
			buildConfigurationList = 505BD856279F1C9471112529 /* Build configuration list for PBXNativeTarget "ChipCount" */;
			buildPhases = (
				81B08F7C2A38143A4360181C /* Sources */,
				84C3A50E92C8DD126FB535E3 /* Resources */,
				D24A2A1DE4A61F76A22A7FE0 /* Frameworks */,
			);
			buildRules = (
			);
			dependencies = (
			);
			name = ChipCount;
			packageProductDependencies = (
				C59D5063E83206FB6F2C2B0E /* Supabase */,
				CB7D24AAD0B01415FC6B668B /* ChipCountCore */,
			);
			productName = ChipCount;
			productReference = 918FAE2624A08FBB1CDFA87A /* ChipCount.app */;
			productType = "com.apple.product-type.application";
		};
		97857C1A1BD8FD01C5C282E1 /* ChipCountCoreTests */ = {
			isa = PBXNativeTarget;
			buildConfigurationList = 15CF9796412C5D3191E727AD /* Build configuration list for PBXNativeTarget "ChipCountCoreTests" */;
			buildPhases = (
				E3D67A39E8D111E801570E3A /* Sources */,
				9AF3C4ECB07D2E0442538E69 /* Frameworks */,
			);
			buildRules = (
			);
			dependencies = (
				4C4AAD23622733FB03B6512E /* PBXTargetDependency */,
			);
			name = ChipCountCoreTests;
			packageProductDependencies = (
				6D36CDED0C8DB27089E8AD32 /* ChipCountCore */,
			);
			productName = ChipCountCoreTests;
			productReference = 684BB494C6F2593A7C1DBA0E /* ChipCountCoreTests.xctest */;
			productType = "com.apple.product-type.bundle.unit-test";
		};
/* End PBXNativeTarget section */

/* Begin PBXProject section */
		D6C4BAFA8AAD9003BB5FEB46 /* Project object */ = {
			isa = PBXProject;
			attributes = {
				BuildIndependentTargetsInParallel = YES;
				LastUpgradeCheck = 1430;
				TargetAttributes = {
					36A13CDF5B72865E5B776AFC = {
						DevelopmentTeam = 5JV3838DWJ;
					};
				};
			};
			buildConfigurationList = 77153E7DC466B80BA094E535 /* Build configuration list for PBXProject "ChipCount" */;
			developmentRegion = en;
			hasScannedForEncodings = 0;
			knownRegions = (
				Base,
				en,
			);
			mainGroup = A68979640AE388F69CDA3CB3;
			minimizedProjectReferenceProxies = 1;
			packageReferences = (
				5291DE5CF274D6E1F3206E14 /* XCRemoteSwiftPackageReference "supabase-swift" */,
				FD571ADE49C2874126B8FCCF /* XCLocalSwiftPackageReference "." */,
			);
			preferredProjectObjectVersion = 77;
			productRefGroup = A05A225AD8B003EA0BB6E78A /* Products */;
			projectDirPath = "";
			projectRoot = "";
			targets = (
				36A13CDF5B72865E5B776AFC /* ChipCount */,
				97857C1A1BD8FD01C5C282E1 /* ChipCountCoreTests */,
			);
		};
/* End PBXProject section */

/* Begin PBXResourcesBuildPhase section */
		84C3A50E92C8DD126FB535E3 /* Resources */ = {
			isa = PBXResourcesBuildPhase;
			buildActionMask = 2147483647;
			files = (
				BD12425E594F9CACCD861D3C /* Assets.xcassets in Resources */,
			);
			runOnlyForDeploymentPostprocessing = 0;
		};
/* End PBXResourcesBuildPhase section */

/* Begin PBXSourcesBuildPhase section */
		81B08F7C2A38143A4360181C /* Sources */ = {
			isa = PBXSourcesBuildPhase;
			buildActionMask = 2147483647;
			files = (
				ABF585E2F7F0A4F4A429AC89 /* AppConfig.swift in Sources */,
				43C67A6CC6D70E2FE6DE1795 /* AuthSessionStore.swift in Sources */,
				DBB31258729E0B34778B31E0 /* AuthView.swift in Sources */,
				4507F41F4143E9FFE63DD7B6 /* ChipCountApp.swift in Sources */,
				1C1EB2C7C38874F156F2EEAC /* ChipCountModels.swift in Sources */,
				B836F99144497D7CFCA7C257 /* DebtsView.swift in Sources */,
				7E10AA34F4B8D03194878A62 /* GameRoomView.swift in Sources */,
				4CDE430349A3BCE94BB40392 /* GameService.swift in Sources */,
				139C8D4E077C4DE370035031 /* MetricsView.swift in Sources */,
				19DB18CF371C53346483AB7C /* ProfileService.swift in Sources */,
				AF942024D5D54720BA1A51EB /* ProfileSetupView.swift in Sources */,
				F27A614BD9CFA9FDB4AB6405 /* ProfileView.swift in Sources */,
				A84FF07FD3CD528D7FFE44E0 /* RootView.swift in Sources */,
				96B1A76BD1A20028525917BA /* SupabaseClientProvider.swift in Sources */,
				1D091343565CBA9B13B42CB6 /* TablesView.swift in Sources */,
			);
			runOnlyForDeploymentPostprocessing = 0;
		};
		E3D67A39E8D111E801570E3A /* Sources */ = {
			isa = PBXSourcesBuildPhase;
			buildActionMask = 2147483647;
			files = (
				76E0F4ECA713551B65323060 /* PayoutCalculatorTests.swift in Sources */,
			);
			runOnlyForDeploymentPostprocessing = 0;
		};
/* End PBXSourcesBuildPhase section */

/* Begin PBXTargetDependency section */
		4C4AAD23622733FB03B6512E /* PBXTargetDependency */ = {
			isa = PBXTargetDependency;
			target = 36A13CDF5B72865E5B776AFC /* ChipCount */;
			targetProxy = 90D01DD57AA3A87F4C2CFB60 /* PBXContainerItemProxy */;
		};
/* End PBXTargetDependency section */

/* Begin XCBuildConfiguration section */
		2B7C62D434DADD3FF691E9CB /* Debug */ = {
			isa = XCBuildConfiguration;
			buildSettings = {
				BUNDLE_LOADER = "$(TEST_HOST)";
				GENERATE_INFOPLIST_FILE = YES;
				LD_RUNPATH_SEARCH_PATHS = (
					"$(inherited)",
					"@executable_path/Frameworks",
					"@loader_path/Frameworks",
				);
				PRODUCT_BUNDLE_IDENTIFIER = com.pranavbalaji.ChipCountCoreTests;
				SDKROOT = iphoneos;
				TARGETED_DEVICE_FAMILY = "1,2";
				TEST_HOST = "$(BUILT_PRODUCTS_DIR)/ChipCount.app/ChipCount";
			};
			name = Debug;
		};
		7EB3FE33F3EA361FFA5143EF /* Release */ = {
			isa = XCBuildConfiguration;
			buildSettings = {
				ASSETCATALOG_COMPILER_APPICON_NAME = AppIcon;
				CODE_SIGN_IDENTITY = "iPhone Developer";
				DEVELOPMENT_TEAM = 5JV3838DWJ;
				INFOPLIST_FILE = ChipCount/Info.plist;
				LD_RUNPATH_SEARCH_PATHS = (
					"$(inherited)",
					"@executable_path/Frameworks",
				);
				PRODUCT_BUNDLE_IDENTIFIER = com.pranavbalaji.ChipCount;
				SDKROOT = iphoneos;
				TARGETED_DEVICE_FAMILY = "1,2";
			};
			name = Release;
		};
		80229166A8F369506997CE00 /* Debug */ = {
			isa = XCBuildConfiguration;
			buildSettings = {
				ASSETCATALOG_COMPILER_APPICON_NAME = AppIcon;
				CODE_SIGN_IDENTITY = "iPhone Developer";
				DEVELOPMENT_TEAM = 5JV3838DWJ;
				INFOPLIST_FILE = ChipCount/Info.plist;
				LD_RUNPATH_SEARCH_PATHS = (
					"$(inherited)",
					"@executable_path/Frameworks",
				);
				PRODUCT_BUNDLE_IDENTIFIER = com.pranavbalaji.ChipCount;
				SDKROOT = iphoneos;
				TARGETED_DEVICE_FAMILY = "1,2";
			};
			name = Debug;
		};
		B1F8A3D603FC32757C62F2C3 /* Release */ = {
			isa = XCBuildConfiguration;
			buildSettings = {
				ALWAYS_SEARCH_USER_PATHS = NO;
				CLANG_ANALYZER_NONNULL = YES;
				CLANG_ANALYZER_NUMBER_OBJECT_CONVERSION = YES_AGGRESSIVE;
				CLANG_CXX_LANGUAGE_STANDARD = "gnu++14";
				CLANG_CXX_LIBRARY = "libc++";
				CLANG_ENABLE_MODULES = YES;
				CLANG_ENABLE_OBJC_ARC = YES;
				CLANG_ENABLE_OBJC_WEAK = YES;
				CLANG_WARN_BLOCK_CAPTURE_AUTORELEASING = YES;
				CLANG_WARN_BOOL_CONVERSION = YES;
				CLANG_WARN_COMMA = YES;
				CLANG_WARN_CONSTANT_CONVERSION = YES;
				CLANG_WARN_DEPRECATED_OBJC_IMPLEMENTATIONS = YES;
				CLANG_WARN_DIRECT_OBJC_ISA_USAGE = YES_ERROR;
				CLANG_WARN_DOCUMENTATION_COMMENTS = YES;
				CLANG_WARN_EMPTY_BODY = YES;
				CLANG_WARN_ENUM_CONVERSION = YES;
				CLANG_WARN_INFINITE_RECURSION = YES;
				CLANG_WARN_INT_CONVERSION = YES;
				CLANG_WARN_NON_LITERAL_NULL_CONVERSION = YES;
				CLANG_WARN_OBJC_IMPLICIT_RETAIN_SELF = YES;
				CLANG_WARN_OBJC_LITERAL_CONVERSION = YES;
				CLANG_WARN_OBJC_ROOT_CLASS = YES_ERROR;
				CLANG_WARN_QUOTED_INCLUDE_IN_FRAMEWORK_HEADER = YES;
				CLANG_WARN_RANGE_LOOP_ANALYSIS = YES;
				CLANG_WARN_STRICT_PROTOTYPES = YES;
				CLANG_WARN_SUSPICIOUS_MOVE = YES;
				CLANG_WARN_UNGUARDED_AVAILABILITY = YES_AGGRESSIVE;
				CLANG_WARN_UNREACHABLE_CODE = YES;
				CLANG_WARN__DUPLICATE_METHOD_MATCH = YES;
				COPY_PHASE_STRIP = NO;
				CURRENT_PROJECT_VERSION = 1;
				DEBUG_INFORMATION_FORMAT = "dwarf-with-dsym";
				ENABLE_NS_ASSERTIONS = NO;
				ENABLE_STRICT_OBJC_MSGSEND = YES;
				GCC_C_LANGUAGE_STANDARD = gnu11;
				GCC_NO_COMMON_BLOCKS = YES;
				GCC_WARN_64_TO_32_BIT_CONVERSION = YES;
				GCC_WARN_ABOUT_RETURN_TYPE = YES_ERROR;
				GCC_WARN_UNDECLARED_SELECTOR = YES;
				GCC_WARN_UNINITIALIZED_AUTOS = YES_AGGRESSIVE;
				GCC_WARN_UNUSED_FUNCTION = YES;
				GCC_WARN_UNUSED_VARIABLE = YES;
				IPHONEOS_DEPLOYMENT_TARGET = 17.0;
				MARKETING_VERSION = 1.0;
				MTL_ENABLE_DEBUG_INFO = NO;
				MTL_FAST_MATH = YES;
				PRODUCT_NAME = "$(TARGET_NAME)";
				SDKROOT = iphoneos;
				SWIFT_COMPILATION_MODE = wholemodule;
				SWIFT_OPTIMIZATION_LEVEL = "-O";
				SWIFT_VERSION = 5.0;
			};
			name = Release;
		};
		B669207F162A5BB2BAA583BF /* Debug */ = {
			isa = XCBuildConfiguration;
			buildSettings = {
				ALWAYS_SEARCH_USER_PATHS = NO;
				CLANG_ANALYZER_NONNULL = YES;
				CLANG_ANALYZER_NUMBER_OBJECT_CONVERSION = YES_AGGRESSIVE;
				CLANG_CXX_LANGUAGE_STANDARD = "gnu++14";
				CLANG_CXX_LIBRARY = "libc++";
				CLANG_ENABLE_MODULES = YES;
				CLANG_ENABLE_OBJC_ARC = YES;
				CLANG_ENABLE_OBJC_WEAK = YES;
				CLANG_WARN_BLOCK_CAPTURE_AUTORELEASING = YES;
				CLANG_WARN_BOOL_CONVERSION = YES;
				CLANG_WARN_COMMA = YES;
				CLANG_WARN_CONSTANT_CONVERSION = YES;
				CLANG_WARN_DEPRECATED_OBJC_IMPLEMENTATIONS = YES;
				CLANG_WARN_DIRECT_OBJC_ISA_USAGE = YES_ERROR;
				CLANG_WARN_DOCUMENTATION_COMMENTS = YES;
				CLANG_WARN_EMPTY_BODY = YES;
				CLANG_WARN_ENUM_CONVERSION = YES;
				CLANG_WARN_INFINITE_RECURSION = YES;
				CLANG_WARN_INT_CONVERSION = YES;
				CLANG_WARN_NON_LITERAL_NULL_CONVERSION = YES;
				CLANG_WARN_OBJC_IMPLICIT_RETAIN_SELF = YES;
				CLANG_WARN_OBJC_LITERAL_CONVERSION = YES;
				CLANG_WARN_OBJC_ROOT_CLASS = YES_ERROR;
				CLANG_WARN_QUOTED_INCLUDE_IN_FRAMEWORK_HEADER = YES;
				CLANG_WARN_RANGE_LOOP_ANALYSIS = YES;
				CLANG_WARN_STRICT_PROTOTYPES = YES;
				CLANG_WARN_SUSPICIOUS_MOVE = YES;
				CLANG_WARN_UNGUARDED_AVAILABILITY = YES_AGGRESSIVE;
				CLANG_WARN_UNREACHABLE_CODE = YES;
				CLANG_WARN__DUPLICATE_METHOD_MATCH = YES;
				COPY_PHASE_STRIP = NO;
				CURRENT_PROJECT_VERSION = 1;
				DEBUG_INFORMATION_FORMAT = dwarf;
				ENABLE_STRICT_OBJC_MSGSEND = YES;
				ENABLE_TESTABILITY = YES;
				GCC_C_LANGUAGE_STANDARD = gnu11;
				GCC_DYNAMIC_NO_PIC = NO;
				GCC_NO_COMMON_BLOCKS = YES;
				GCC_OPTIMIZATION_LEVEL = 0;
				GCC_PREPROCESSOR_DEFINITIONS = (
					"$(inherited)",
					"DEBUG=1",
				);
				GCC_WARN_64_TO_32_BIT_CONVERSION = YES;
				GCC_WARN_ABOUT_RETURN_TYPE = YES_ERROR;
				GCC_WARN_UNDECLARED_SELECTOR = YES;
				GCC_WARN_UNINITIALIZED_AUTOS = YES_AGGRESSIVE;
				GCC_WARN_UNUSED_FUNCTION = YES;
				GCC_WARN_UNUSED_VARIABLE = YES;
				IPHONEOS_DEPLOYMENT_TARGET = 17.0;
				MARKETING_VERSION = 1.0;
				MTL_ENABLE_DEBUG_INFO = INCLUDE_SOURCE;
				MTL_FAST_MATH = YES;
				ONLY_ACTIVE_ARCH = YES;
				PRODUCT_NAME = "$(TARGET_NAME)";
				SDKROOT = iphoneos;
				SWIFT_ACTIVE_COMPILATION_CONDITIONS = DEBUG;
				SWIFT_OPTIMIZATION_LEVEL = "-Onone";
				SWIFT_VERSION = 5.0;
			};
			name = Debug;
		};
		D8C11B8330C76565A34BD853 /* Release */ = {
			isa = XCBuildConfiguration;
			buildSettings = {
				BUNDLE_LOADER = "$(TEST_HOST)";
				GENERATE_INFOPLIST_FILE = YES;
				LD_RUNPATH_SEARCH_PATHS = (
					"$(inherited)",
					"@executable_path/Frameworks",
					"@loader_path/Frameworks",
				);
				PRODUCT_BUNDLE_IDENTIFIER = com.pranavbalaji.ChipCountCoreTests;
				SDKROOT = iphoneos;
				TARGETED_DEVICE_FAMILY = "1,2";
				TEST_HOST = "$(BUILT_PRODUCTS_DIR)/ChipCount.app/ChipCount";
			};
			name = Release;
		};
/* End XCBuildConfiguration section */

/* Begin XCConfigurationList section */
		15CF9796412C5D3191E727AD /* Build configuration list for PBXNativeTarget "ChipCountCoreTests" */ = {
			isa = XCConfigurationList;
			buildConfigurations = (
				2B7C62D434DADD3FF691E9CB /* Debug */,
				D8C11B8330C76565A34BD853 /* Release */,
			);
			defaultConfigurationIsVisible = 0;
			defaultConfigurationName = Debug;
		};
		505BD856279F1C9471112529 /* Build configuration list for PBXNativeTarget "ChipCount" */ = {
			isa = XCConfigurationList;
			buildConfigurations = (
				80229166A8F369506997CE00 /* Debug */,
				7EB3FE33F3EA361FFA5143EF /* Release */,
			);
			defaultConfigurationIsVisible = 0;
			defaultConfigurationName = Debug;
		};
		77153E7DC466B80BA094E535 /* Build configuration list for PBXProject "ChipCount" */ = {
			isa = XCConfigurationList;
			buildConfigurations = (
				B669207F162A5BB2BAA583BF /* Debug */,
				B1F8A3D603FC32757C62F2C3 /* Release */,
			);
			defaultConfigurationIsVisible = 0;
			defaultConfigurationName = Debug;
		};
/* End XCConfigurationList section */

/* Begin XCLocalSwiftPackageReference section */
		FD571ADE49C2874126B8FCCF /* XCLocalSwiftPackageReference "." */ = {
			isa = XCLocalSwiftPackageReference;
			relativePath = .;
		};
/* End XCLocalSwiftPackageReference section */

/* Begin XCRemoteSwiftPackageReference section */
		5291DE5CF274D6E1F3206E14 /* XCRemoteSwiftPackageReference "supabase-swift" */ = {
			isa = XCRemoteSwiftPackageReference;
			repositoryURL = "https://github.com/supabase/supabase-swift.git";
			requirement = {
				kind = upToNextMajorVersion;
				minimumVersion = 2.0.0;
			};
		};
/* End XCRemoteSwiftPackageReference section */

/* Begin XCSwiftPackageProductDependency section */
		6D36CDED0C8DB27089E8AD32 /* ChipCountCore */ = {
			isa = XCSwiftPackageProductDependency;
			productName = ChipCountCore;
		};
		C59D5063E83206FB6F2C2B0E /* Supabase */ = {
			isa = XCSwiftPackageProductDependency;
			package = 5291DE5CF274D6E1F3206E14 /* XCRemoteSwiftPackageReference "supabase-swift" */;
			productName = Supabase;
		};
		CB7D24AAD0B01415FC6B668B /* ChipCountCore */ = {
			isa = XCSwiftPackageProductDependency;
			productName = ChipCountCore;
		};
/* End XCSwiftPackageProductDependency section */
	};
	rootObject = D6C4BAFA8AAD9003BB5FEB46 /* Project object */;
}
